
Microsoft Visual Studio Solution File, Format Version 12.00
# Visual Studio Version 17
VisualStudioVersion = 17.1.32228.430
MinimumVisualStudioVersion = 10.0.40219.1
Project("{9A19103F-16F7-4668-BE54-9A1E7A4F7556}") = "LinkedListProblem", "LinkedListProblem.csproj", "{A86A07FF-7C39-4E90-AFA8-0D651BAB6E4E}"
EndProject
Project("{FAE04EC0-301F-11D3-BF4B-00C04F79EFBC}") = "SinglyLinkedList", "..\SinglyLinkedList\SinglyLinkedList.csproj", "{9BD39451-9F02-48E0-9C1A-D4A3AD7A4194}"
EndProject
Global
	GlobalSection(SolutionConfigurationPlatforms) = preSolution
		Debug|Any CPU = Debug|Any CPU
		Release|Any CPU = Release|Any CPU
	EndGlobalSection
	GlobalSection(ProjectConfigurationPlatforms) = postSolution
		{A86A07FF-7C39-4E90-AFA8-0D651BAB6E4E}.Debug|Any CPU.ActiveCfg = Debug|Any CPU
		{A86A07FF-7C39-4E90-AFA8-0D651BAB6E4E}.Debug|Any CPU.Build.0 = Debug|Any CPU
		{A86A07FF-7C39-4E90-AFA8-0D651BAB6E4E}.Release|Any CPU.ActiveCfg = Release|Any CPU
		{A86A07FF-7C39-4E90-AFA8-0D651BAB6E4E}.Release|Any CPU.Build.0 = Release|Any CPU
		{9BD39451-9F02-48E0-9C1A-D4A3AD7A4194}.Debug|Any CPU.ActiveCfg = Debug|Any CPU
		{9BD39451-9F02-48E0-9C1A-D4A3AD7A4194}.Debug|Any CPU.Build.0 = Debug|Any CPU
		{9BD39451-9F02-48E0-9C1A-D4A3AD7A4194}.Release|Any CPU.ActiveCfg = Release|Any CPU
		{9BD39451-9F02-48E0-9C1A-D4A3AD7A4194}.Release|Any CPU.Build.0 = Release|Any CPU
	EndGlobalSection
	GlobalSection(SolutionProperties) = preSolution
		HideSolutionNode = FALSE
	EndGlobalSection
	GlobalSection(ExtensibilityGlobals) = postSolution
		SolutionGuid = {876A094D-464D-4499-AA37-E3EAC72A44F0}
	EndGlobalSection
EndGlobal
