
Microsoft Visual Studio Solution File, Format Version 12.00
# Visual Studio Version 17
VisualStudioVersion = 17.5.33530.505
MinimumVisualStudioVersion = 10.0.40219.1
Project("{FAE04EC0-301F-11D3-BF4B-00C04F79EFBC}") = "GraphQL_Core", "GraphQL_Core\GraphQL_Core.csproj", "{9B664D19-471F-43F5-B297-E8253C7C8FF7}"
EndProject
Global
	GlobalSection(SolutionConfigurationPlatforms) = preSolution
		Debug|Any CPU = Debug|Any CPU
		Release|Any CPU = Release|Any CPU
	EndGlobalSection
	GlobalSection(ProjectConfigurationPlatforms) = postSolution
		{9B664D19-471F-43F5-B297-E8253C7C8FF7}.Debug|Any CPU.ActiveCfg = Debug|Any CPU
		{9B664D19-471F-43F5-B297-E8253C7C8FF7}.Debug|Any CPU.Build.0 = Debug|Any CPU
		{9B664D19-471F-43F5-B297-E8253C7C8FF7}.Release|Any CPU.ActiveCfg = Release|Any CPU
		{9B664D19-471F-43F5-B297-E8253C7C8FF7}.Release|Any CPU.Build.0 = Release|Any CPU
	EndGlobalSection
	GlobalSection(SolutionProperties) = preSolution
		HideSolutionNode = FALSE
	EndGlobalSection
	GlobalSection(ExtensibilityGlobals) = postSolution
		SolutionGuid = {760FA832-0909-46B8-ABC7-93452FF66663}
	EndGlobalSection
EndGlobal
