
Microsoft Visual Studio Solution File, Format Version 12.00
# Visual Studio Version 17
VisualStudioVersion = 17.1.32228.430
MinimumVisualStudioVersion = 10.0.40219.1
Project("{9A19103F-16F7-4668-BE54-9A1E7A4F7556}") = "Spiral", "Spiral\Spiral.csproj", "{1DEC8652-4385-46E4-B88C-EFF0A22641AF}"
EndProject
Project("{9A19103F-16F7-4668-BE54-9A1E7A4F7556}") = "StringProblme", "StringProblme\StringProblme.csproj", "{D769596F-53F6-4CF1-8F81-801C402D1944}"
EndProject
Project("{9A19103F-16F7-4668-BE54-9A1E7A4F7556}") = "ActivitySelectionProblem", "ActivitySelectionProblem\ActivitySelectionProblem.csproj", "{7CF5BEA6-9493-449C-BC94-A43D548444E4}"
EndProject
Project("{9A19103F-16F7-4668-BE54-9A1E7A4F7556}") = "Battleship", "Battleship\Battleship.csproj", "{F398F806-7979-4651-860C-921C13D743E4}"
EndProject
Project("{9A19103F-16F7-4668-BE54-9A1E7A4F7556}") = "SinglyLinkedList", "SinglyLinkedList\SinglyLinkedList.csproj", "{3FECFBEE-9F79-436D-8A81-E5177AAF281D}"
EndProject
Project("{9A19103F-16F7-4668-BE54-9A1E7A4F7556}") = "LinkedListProblems", "LinkedListProblems\LinkedListProblems.csproj", "{CC72B819-0953-4F20-9EB1-4FF13CF23D43}"
EndProject
Project("{9A19103F-16F7-4668-BE54-9A1E7A4F7556}") = "Common", "Common\Common.csproj", "{FAB0473D-4186-487E-A8D3-836334E18969}"
EndProject
Project("{2150E333-8FDC-42A3-9474-1A3956D46DE8}") = "Data", "Data", "{4DCC090F-7DC2-460F-AC5A-D7712B76B895}"
	ProjectSection(SolutionItems) = preProject
		BST.txt = BST.txt
		CircularTour.txt = CircularTour.txt
		FindmaxHistogramArea.txt = FindmaxHistogramArea.txt
		LRUCache.txt = LRUCache.txt
		MaxOfSubArray.txt = MaxOfSubArray.txt
		MaxRectangleMatrix.txt = MaxRectangleMatrix.txt
		Practice.txt = Practice.txt
		Problem1.txt = Problem1.txt
		..\..\..\My\Problem1LL1.txt = ..\..\..\My\Problem1LL1.txt
		Problem2.txt = Problem2.txt
		Problem3.txt = Problem3.txt
		QueueByArray.txt = QueueByArray.txt
		StackProblem1.txt = StackProblem1.txt
		StackQueue.txt = StackQueue.txt
		StackSpanProblem.txt = StackSpanProblem.txt
	EndProjectSection
EndProject
Project("{9A19103F-16F7-4668-BE54-9A1E7A4F7556}") = "StackProblems", "StackProblems\StackProblems.csproj", "{50712A57-7EEF-41EF-9BED-433D4EB3046C}"
EndProject
Project("{9A19103F-16F7-4668-BE54-9A1E7A4F7556}") = "ArrayProblems", "ArrayProblems\ArrayProblems.csproj", "{D6EC8F01-558F-436E-9B5C-17C2325175BF}"
EndProject
Project("{9A19103F-16F7-4668-BE54-9A1E7A4F7556}") = "QueueProblems", "QueueProblems\QueueProblems.csproj", "{30A0F47F-186E-4BB9-8F1D-014F338CDC83}"
EndProject
Project("{9A19103F-16F7-4668-BE54-9A1E7A4F7556}") = "TreeProblem", "TreeProblem\TreeProblem.csproj", "{9B38D872-ED49-4B5A-8D81-F1B2F2EFB065}"
EndProject
Project("{FAE04EC0-301F-11D3-BF4B-00C04F79EFBC}") = "HeapProblems", "HeapProblems\HeapProblems.csproj", "{08AFAC43-5BEB-41A2-B474-653A81B4FFC7}"
EndProject
Global
	GlobalSection(SolutionConfigurationPlatforms) = preSolution
		Debug|Any CPU = Debug|Any CPU
		Release|Any CPU = Release|Any CPU
	EndGlobalSection
	GlobalSection(ProjectConfigurationPlatforms) = postSolution
		{1DEC8652-4385-46E4-B88C-EFF0A22641AF}.Debug|Any CPU.ActiveCfg = Debug|Any CPU
		{1DEC8652-4385-46E4-B88C-EFF0A22641AF}.Debug|Any CPU.Build.0 = Debug|Any CPU
		{1DEC8652-4385-46E4-B88C-EFF0A22641AF}.Release|Any CPU.ActiveCfg = Release|Any CPU
		{1DEC8652-4385-46E4-B88C-EFF0A22641AF}.Release|Any CPU.Build.0 = Release|Any CPU
		{D769596F-53F6-4CF1-8F81-801C402D1944}.Debug|Any CPU.ActiveCfg = Debug|Any CPU
		{D769596F-53F6-4CF1-8F81-801C402D1944}.Debug|Any CPU.Build.0 = Debug|Any CPU
		{D769596F-53F6-4CF1-8F81-801C402D1944}.Release|Any CPU.ActiveCfg = Release|Any CPU
		{D769596F-53F6-4CF1-8F81-801C402D1944}.Release|Any CPU.Build.0 = Release|Any CPU
		{7CF5BEA6-9493-449C-BC94-A43D548444E4}.Debug|Any CPU.ActiveCfg = Debug|Any CPU
		{7CF5BEA6-9493-449C-BC94-A43D548444E4}.Debug|Any CPU.Build.0 = Debug|Any CPU
		{7CF5BEA6-9493-449C-BC94-A43D548444E4}.Release|Any CPU.ActiveCfg = Release|Any CPU
		{7CF5BEA6-9493-449C-BC94-A43D548444E4}.Release|Any CPU.Build.0 = Release|Any CPU
		{F398F806-7979-4651-860C-921C13D743E4}.Debug|Any CPU.ActiveCfg = Debug|Any CPU
		{F398F806-7979-4651-860C-921C13D743E4}.Debug|Any CPU.Build.0 = Debug|Any CPU
		{F398F806-7979-4651-860C-921C13D743E4}.Release|Any CPU.ActiveCfg = Release|Any CPU
		{F398F806-7979-4651-860C-921C13D743E4}.Release|Any CPU.Build.0 = Release|Any CPU
		{3FECFBEE-9F79-436D-8A81-E5177AAF281D}.Debug|Any CPU.ActiveCfg = Debug|Any CPU
		{3FECFBEE-9F79-436D-8A81-E5177AAF281D}.Debug|Any CPU.Build.0 = Debug|Any CPU
		{3FECFBEE-9F79-436D-8A81-E5177AAF281D}.Release|Any CPU.ActiveCfg = Release|Any CPU
		{3FECFBEE-9F79-436D-8A81-E5177AAF281D}.Release|Any CPU.Build.0 = Release|Any CPU
		{CC72B819-0953-4F20-9EB1-4FF13CF23D43}.Debug|Any CPU.ActiveCfg = Debug|Any CPU
		{CC72B819-0953-4F20-9EB1-4FF13CF23D43}.Debug|Any CPU.Build.0 = Debug|Any CPU
		{CC72B819-0953-4F20-9EB1-4FF13CF23D43}.Release|Any CPU.ActiveCfg = Release|Any CPU
		{CC72B819-0953-4F20-9EB1-4FF13CF23D43}.Release|Any CPU.Build.0 = Release|Any CPU
		{FAB0473D-4186-487E-A8D3-836334E18969}.Debug|Any CPU.ActiveCfg = Debug|Any CPU
		{FAB0473D-4186-487E-A8D3-836334E18969}.Debug|Any CPU.Build.0 = Debug|Any CPU
		{FAB0473D-4186-487E-A8D3-836334E18969}.Release|Any CPU.ActiveCfg = Release|Any CPU
		{FAB0473D-4186-487E-A8D3-836334E18969}.Release|Any CPU.Build.0 = Release|Any CPU
		{50712A57-7EEF-41EF-9BED-433D4EB3046C}.Debug|Any CPU.ActiveCfg = Debug|Any CPU
		{50712A57-7EEF-41EF-9BED-433D4EB3046C}.Debug|Any CPU.Build.0 = Debug|Any CPU
		{50712A57-7EEF-41EF-9BED-433D4EB3046C}.Release|Any CPU.ActiveCfg = Release|Any CPU
		{50712A57-7EEF-41EF-9BED-433D4EB3046C}.Release|Any CPU.Build.0 = Release|Any CPU
		{D6EC8F01-558F-436E-9B5C-17C2325175BF}.Debug|Any CPU.ActiveCfg = Debug|Any CPU
		{D6EC8F01-558F-436E-9B5C-17C2325175BF}.Debug|Any CPU.Build.0 = Debug|Any CPU
		{D6EC8F01-558F-436E-9B5C-17C2325175BF}.Release|Any CPU.ActiveCfg = Release|Any CPU
		{D6EC8F01-558F-436E-9B5C-17C2325175BF}.Release|Any CPU.Build.0 = Release|Any CPU
		{30A0F47F-186E-4BB9-8F1D-014F338CDC83}.Debug|Any CPU.ActiveCfg = Debug|Any CPU
		{30A0F47F-186E-4BB9-8F1D-014F338CDC83}.Debug|Any CPU.Build.0 = Debug|Any CPU
		{30A0F47F-186E-4BB9-8F1D-014F338CDC83}.Release|Any CPU.ActiveCfg = Release|Any CPU
		{30A0F47F-186E-4BB9-8F1D-014F338CDC83}.Release|Any CPU.Build.0 = Release|Any CPU
		{9B38D872-ED49-4B5A-8D81-F1B2F2EFB065}.Debug|Any CPU.ActiveCfg = Debug|Any CPU
		{9B38D872-ED49-4B5A-8D81-F1B2F2EFB065}.Debug|Any CPU.Build.0 = Debug|Any CPU
		{9B38D872-ED49-4B5A-8D81-F1B2F2EFB065}.Release|Any CPU.ActiveCfg = Release|Any CPU
		{9B38D872-ED49-4B5A-8D81-F1B2F2EFB065}.Release|Any CPU.Build.0 = Release|Any CPU
		{08AFAC43-5BEB-41A2-B474-653A81B4FFC7}.Debug|Any CPU.ActiveCfg = Debug|Any CPU
		{08AFAC43-5BEB-41A2-B474-653A81B4FFC7}.Debug|Any CPU.Build.0 = Debug|Any CPU
		{08AFAC43-5BEB-41A2-B474-653A81B4FFC7}.Release|Any CPU.ActiveCfg = Release|Any CPU
		{08AFAC43-5BEB-41A2-B474-653A81B4FFC7}.Release|Any CPU.Build.0 = Release|Any CPU
	EndGlobalSection
	GlobalSection(SolutionProperties) = preSolution
		HideSolutionNode = FALSE
	EndGlobalSection
	GlobalSection(ExtensibilityGlobals) = postSolution
		SolutionGuid = {7CFEFA2B-4824-4063-884F-F4FDB73B3EF5}
	EndGlobalSection
EndGlobal
